%{
  "BidiBrackets.txt" => %{
    bytes: 8992,
    sha256: "4b3b62e4a14b84ee752808c810c602534921c09a4a1bf78cfbee566d66c125b3"
  },
  "BidiCharacterTest.txt" => %{
    bytes: 6880771,
    sha256: "045b24d2c8ab066951bd32fe8c6b4de34647f72b5b1c7df0265f24ab53573e01"
  },
  "BidiMirroring.txt" => %{
    bytes: 27294,
    sha256: "cd54810ebf52f0e61a730c8b9cb25975de6c85f6d788a559b416afd548923fd6"
  },
  "BidiTest.txt" => %{
    bytes: 7959988,
    sha256: "9af2f882a4ab50912e388f069a673b94eacd82fa6d07d20a3ff7f3c759e905aa"
  },
  "DerivedBidiClass.txt" => %{
    bytes: 176412,
    sha256: "d9e23222522551348ea1ccfbb4f62efbf98982afb95840f8959c08ed992c5607"
  },
  "DerivedCombiningClass.txt" => %{
    bytes: 186280,
    sha256: "ef6b2611cfb660dba3f6b458b9eb4b05f44ed2417302ee7749d7f0f348793121"
  },
  "DerivedCoreProperties.txt" => %{
    bytes: 1159889,
    sha256: "09c928886a178fcafd93c29e4bd59073a058e5a100b716d425cb563ab50f68c9"
  },
  "DerivedJoiningType.txt" => %{
    bytes: 41024,
    sha256: "e2408ff2c92b175b0f7bf62c989bbb54c7b077528fe31f8d69b96fa09e7d61ed"
  },
  "DerivedNormalizationProps.txt" => %{
    bytes: 1396877,
    sha256: "98ac7f67d985fe781e317f6182e885e94cabb0c314769e6dd73e48b226931ccd"
  },
  "IdentifierStatus.txt" => %{
    bytes: 148042,
    sha256: "5863c7d99ca18f213c41c7318aa5528bebfb6d32ec0f1d5944e37192c119aebd"
  },
  "IdentifierType.txt" => %{
    bytes: 534017,
    sha256: "fa24851acc669e58670e354e7b98a4ec8f52a809ec4f80524b6a60efdb868831"
  },
  "IdnaMappingTable.txt" => %{
    bytes: 801680,
    sha256: "a03b1eb38032268c696406a83f0972d6a815acd2c8d4151d42ec0fda70ffced1"
  },
  "IdnaTestV2.txt" => %{
    bytes: 776565,
    sha256: "0236b75c5b20dfd857b3b5cf75509887959d6ab00d6c7bda9b7dc3df518c1fde"
  },
  "IndicSyllabicCategory.txt" => %{
    bytes: 86842,
    sha256: "a2b3aacf6b3e7bad4ca351ef985d9543825e20280ff280c25f646d9bc4ce304c"
  },
  "NormalizationTest.txt" => %{
    bytes: 2863708,
    sha256: "25a50d816764b04abfb4a646d3eb2b2a803284c3873d9a06757b94fe4513dde3"
  },
  "PropList.txt" => %{
    bytes: 149040,
    sha256: "f438f532e8737bb8a2702126cdf9c4af5e357c58c7acf9d9eb2fc7c1a1d955d6"
  },
  "PropertyValueAliases.txt" => %{
    bytes: 83536,
    sha256: "06c4c8eaf7b0bf34abe73b113da1215bd784ac254d4c223600b90267caa4bbbd"
  },
  "ScriptExtensions.txt" => %{
    bytes: 21145,
    sha256: "5c9d34a922f687726f2a8bcf57d49f905987e51f1b21b58c95a00fbe255cec23"
  },
  "Scripts.txt" => %{
    bytes: 196089,
    sha256: "0071fd81b6aeae25f6e8bce8efec3066a6476a91b49bdb2f52dc76e817862a6a"
  },
  "UnicodeData.txt" => %{
    bytes: 2243593,
    sha256: "0736451de439ae7baf1425136617da495e09ee5afbe6e394374db7009ea08950"
  },
  "confusables.txt" => %{
    bytes: 763128,
    sha256: "6ed3ee967c9dfdf6677d563c9985182fbc50a2efb7d6059cd57b2e2ce18f5b92"
  }
}
