%{
  "DerivedCombiningClass.txt" => %{
    bytes: 186280,
    sha256: "ef6b2611cfb660dba3f6b458b9eb4b05f44ed2417302ee7749d7f0f348793121"
  },
  "NormalizationTest.txt" => %{
    bytes: 2863708,
    sha256: "25a50d816764b04abfb4a646d3eb2b2a803284c3873d9a06757b94fe4513dde3"
  },
  "UnicodeData.txt" => %{
    bytes: 2243593,
    sha256: "0736451de439ae7baf1425136617da495e09ee5afbe6e394374db7009ea08950"
  },
  "confusables.txt" => %{
    bytes: 763128,
    sha256: "6ed3ee967c9dfdf6677d563c9985182fbc50a2efb7d6059cd57b2e2ce18f5b92"
  }
}
